<Solution>
  <Folder Name="/src/">
    <Project Path="src/Haven.Application/Haven.Application.csproj" />
    <Project Path="src/Haven.Domain/Haven.Domain.csproj" />
    <Project Path="src/Haven.Infrastructure/Haven.Infrastructure.csproj" />
  </Folder>
  <Folder Name="/src/Presentation/">
    <Project Path="src/Presentation/Haven.Presentation.Api/Haven.Presentation.Api.csproj" />
  </Folder>
  <Folder Name="/tests/">
    <Project Path="tests/Haven.Application.Tests/Haven.Application.Tests.csproj" />
    <Project Path="tests/Haven.Domain.Tests/Haven.Domain.Tests.csproj" />
    <Project Path="tests/Haven.Infrastructure.Tests/Haven.Infrastructure.Tests.csproj" />
    <Project Path="tests/Haven.Integration.Tests/Haven.Integration.Tests.csproj" />
    <Project Path="tests/Haven.Testing.Common/Haven.Testing.Common.csproj" />
  </Folder>
</Solution>
